
Microsoft Visual Studio Solution File, Format Version 12.00
# Visual Studio Version 17
VisualStudioVersion = 17.11.35222.181
MinimumVisualStudioVersion = 10.0.40219.1
Project("{FAE04EC0-301F-11D3-BF4B-00C04F79EFBC}") = "WorkshopBooking.API", "WorkshopBooking.API\WorkshopBooking.API.csproj", "{179551E3-4AF2-4207-8EB9-AB39C7D7631B}"
EndProject
Project("{FAE04EC0-301F-11D3-BF4B-00C04F79EFBC}") = "WorkshopBooking.Domain", "WorkshopBooking.Domain\WorkshopBooking.Domain.csproj", "{A24C296A-16E1-4169-ACAB-138F5DD1C1B5}"
EndProject
Project("{FAE04EC0-301F-11D3-BF4B-00C04F79EFBC}") = "WorkshopBooking.Infrastructure", "WorkshopBooking.Infrastructure\WorkshopBooking.Infrastructure.csproj", "{D56B44A5-8BFC-463A-8ECC-BE466CE8A325}"
EndProject
Project("{FAE04EC0-301F-11D3-BF4B-00C04F79EFBC}") = "WorkshopBooking.Application", "WorkshopBooking.Application\WorkshopBooking.Application.csproj", "{78F53FB6-16D2-43F8-9614-EB8C6A0FC3CF}"
EndProject
Global
	GlobalSection(SolutionConfigurationPlatforms) = preSolution
		Debug|Any CPU = Debug|Any CPU
		Release|Any CPU = Release|Any CPU
	EndGlobalSection
	GlobalSection(ProjectConfigurationPlatforms) = postSolution
		{179551E3-4AF2-4207-8EB9-AB39C7D7631B}.Debug|Any CPU.ActiveCfg = Debug|Any CPU
		{179551E3-4AF2-4207-8EB9-AB39C7D7631B}.Debug|Any CPU.Build.0 = Debug|Any CPU
		{179551E3-4AF2-4207-8EB9-AB39C7D7631B}.Release|Any CPU.ActiveCfg = Release|Any CPU
		{179551E3-4AF2-4207-8EB9-AB39C7D7631B}.Release|Any CPU.Build.0 = Release|Any CPU
		{A24C296A-16E1-4169-ACAB-138F5DD1C1B5}.Debug|Any CPU.ActiveCfg = Debug|Any CPU
		{A24C296A-16E1-4169-ACAB-138F5DD1C1B5}.Debug|Any CPU.Build.0 = Debug|Any CPU
		{A24C296A-16E1-4169-ACAB-138F5DD1C1B5}.Release|Any CPU.ActiveCfg = Release|Any CPU
		{A24C296A-16E1-4169-ACAB-138F5DD1C1B5}.Release|Any CPU.Build.0 = Release|Any CPU
		{D56B44A5-8BFC-463A-8ECC-BE466CE8A325}.Debug|Any CPU.ActiveCfg = Debug|Any CPU
		{D56B44A5-8BFC-463A-8ECC-BE466CE8A325}.Debug|Any CPU.Build.0 = Debug|Any CPU
		{D56B44A5-8BFC-463A-8ECC-BE466CE8A325}.Release|Any CPU.ActiveCfg = Release|Any CPU
		{D56B44A5-8BFC-463A-8ECC-BE466CE8A325}.Release|Any CPU.Build.0 = Release|Any CPU
		{78F53FB6-16D2-43F8-9614-EB8C6A0FC3CF}.Debug|Any CPU.ActiveCfg = Debug|Any CPU
		{78F53FB6-16D2-43F8-9614-EB8C6A0FC3CF}.Debug|Any CPU.Build.0 = Debug|Any CPU
		{78F53FB6-16D2-43F8-9614-EB8C6A0FC3CF}.Release|Any CPU.ActiveCfg = Release|Any CPU
		{78F53FB6-16D2-43F8-9614-EB8C6A0FC3CF}.Release|Any CPU.Build.0 = Release|Any CPU
	EndGlobalSection
	GlobalSection(SolutionProperties) = preSolution
		HideSolutionNode = FALSE
	EndGlobalSection
	GlobalSection(ExtensibilityGlobals) = postSolution
		SolutionGuid = {3D945169-1131-4BA4-81AB-5BB49F34FB0E}
	EndGlobalSection
EndGlobal
